{
  "version": 4,
  "terraform_version": "1.13.3",
  "serial": 28,
  "lineage": "bc2434e5-512a-8ad7-40cd-298811b4abe3",
  "outputs": {
    "website_endpoint": {
      "value": "terrafrom-s3-site-tanay.s3-website.ap-south-1.amazonaws.com",
      "type": "string"
    }
  },
  "resources": [
    {
      "mode": "data",
      "type": "aws_iam_policy_document",
      "name": "public_read_objects",
      "provider": "provider[\"registry.terraform.io/hashicorp/aws\"]",
      "instances": [
        {
          "schema_version": 0,
          "attributes": {
            "id": "3298838708",
            "json": "{\n  \"Version\": \"2012-10-17\",\n  \"Statement\": [\n    {\n      \"Sid\": \"PublicReadGetObject\",\n      \"Effect\": \"Allow\",\n      \"Action\": \"s3:GetObject\",\n      \"Resource\": \"arn:aws:s3:::terrafrom-s3-site-tanay/*\",\n      \"Principal\": {\n        \"AWS\": \"*\"\n      }\n    }\n  ]\n}",
            "minified_json": "{\"Version\":\"2012-10-17\",\"Statement\":[{\"Sid\":\"PublicReadGetObject\",\"Effect\":\"Allow\",\"Action\":\"s3:GetObject\",\"Resource\":\"arn:aws:s3:::terrafrom-s3-site-tanay/*\",\"Principal\":{\"AWS\":\"*\"}}]}",
            "override_json": null,
            "override_policy_documents": null,
            "policy_id": null,
            "source_json": null,
            "source_policy_documents": null,
            "statement": [
              {
                "actions": [
                  "s3:GetObject"
                ],
                "condition": [],
                "effect": "Allow",
                "not_actions": [],
                "not_principals": [],
                "not_resources": [],
                "principals": [
                  {
                    "identifiers": [
                      "*"
                    ],
                    "type": "AWS"
                  }
                ],
                "resources": [
                  "arn:aws:s3:::terrafrom-s3-site-tanay/*"
                ],
                "sid": "PublicReadGetObject"
              }
            ],
            "version": "2012-10-17"
          },
          "sensitive_attributes": [],
          "identity_schema_version": 0
        }
      ]
    },
    {
      "mode": "managed",
      "type": "aws_s3_bucket",
      "name": "site",
      "provider": "provider[\"registry.terraform.io/hashicorp/aws\"]",
      "instances": [
        {
          "schema_version": 0,
          "attributes": {
            "acceleration_status": "",
            "acl": null,
            "arn": "arn:aws:s3:::terrafrom-s3-site-tanay",
            "bucket": "terrafrom-s3-site-tanay",
            "bucket_domain_name": "terrafrom-s3-site-tanay.s3.amazonaws.com",
            "bucket_prefix": "",
            "bucket_region": "ap-south-1",
            "bucket_regional_domain_name": "terrafrom-s3-site-tanay.s3.ap-south-1.amazonaws.com",
            "cors_rule": [],
            "force_destroy": false,
            "grant": [
              {
                "id": "8e9dbbef8234bb8571787ded3cb84d17244766be9833165aecbd17005c2c920a",
                "permissions": [
                  "FULL_CONTROL"
                ],
                "type": "CanonicalUser",
                "uri": ""
              }
            ],
            "hosted_zone_id": "Z11RGJOFQNVJUP",
            "id": "terrafrom-s3-site-tanay",
            "lifecycle_rule": [],
            "logging": [],
            "object_lock_configuration": [],
            "object_lock_enabled": false,
            "policy": "",
            "region": "ap-south-1",
            "replication_configuration": [],
            "request_payer": "BucketOwner",
            "server_side_encryption_configuration": [
              {
                "rule": [
                  {
                    "apply_server_side_encryption_by_default": [
                      {
                        "kms_master_key_id": "",
                        "sse_algorithm": "AES256"
                      }
                    ],
                    "bucket_key_enabled": false
                  }
                ]
              }
            ],
            "tags": {
              "Name": "terraform-static-site",
              "block_public_acls": "false"
            },
            "tags_all": {
              "Name": "terraform-static-site",
              "block_public_acls": "false"
            },
            "timeouts": null,
            "versioning": [
              {
                "enabled": false,
                "mfa_delete": false
              }
            ],
            "website": [],
            "website_domain": null,
            "website_endpoint": null
          },
          "sensitive_attributes": [],
          "identity_schema_version": 0,
          "identity": {
            "account_id": "807134086441",
            "bucket": "terrafrom-s3-site-tanay",
            "region": "ap-south-1"
          },
          "private": "eyJlMmJmYjczMC1lY2FhLTExZTYtOGY4OC0zNDM2M2JjN2M0YzAiOnsiY3JlYXRlIjoxMjAwMDAwMDAwMDAwLCJkZWxldGUiOjM2MDAwMDAwMDAwMDAsInJlYWQiOjEyMDAwMDAwMDAwMDAsInVwZGF0ZSI6MTIwMDAwMDAwMDAwMH19"
        }
      ]
    },
    {
      "mode": "managed",
      "type": "aws_s3_bucket_policy",
      "name": "public_read",
      "provider": "provider[\"registry.terraform.io/hashicorp/aws\"]",
      "instances": [
        {
          "schema_version": 0,
          "attributes": {
            "bucket": "terrafrom-s3-site-tanay",
            "id": "terrafrom-s3-site-tanay",
            "policy": "{\"Statement\":[{\"Action\":\"s3:GetObject\",\"Effect\":\"Allow\",\"Principal\":{\"AWS\":\"*\"},\"Resource\":\"arn:aws:s3:::terrafrom-s3-site-tanay/*\",\"Sid\":\"PublicReadGetObject\"}],\"Version\":\"2012-10-17\"}",
            "region": "ap-south-1"
          },
          "sensitive_attributes": [],
          "identity_schema_version": 0,
          "identity": {
            "account_id": "807134086441",
            "bucket": "terrafrom-s3-site-tanay",
            "region": "ap-south-1"
          },
          "private": "bnVsbA==",
          "dependencies": [
            "aws_s3_bucket.site",
            "data.aws_iam_policy_document.public_read_objects"
          ]
        }
      ]
    },
    {
      "mode": "managed",
      "type": "aws_s3_bucket_public_access_block",
      "name": "site",
      "provider": "provider[\"registry.terraform.io/hashicorp/aws\"]",
      "instances": [
        {
          "schema_version": 0,
          "attributes": {
            "block_public_acls": false,
            "block_public_policy": false,
            "bucket": "terrafrom-s3-site-tanay",
            "id": "terrafrom-s3-site-tanay",
            "ignore_public_acls": false,
            "region": "ap-south-1",
            "restrict_public_buckets": false,
            "skip_destroy": null
          },
          "sensitive_attributes": [],
          "identity_schema_version": 0,
          "identity": {
            "account_id": "807134086441",
            "bucket": "terrafrom-s3-site-tanay",
            "region": "ap-south-1"
          },
          "private": "bnVsbA==",
          "dependencies": [
            "aws_s3_bucket.site"
          ]
        }
      ]
    },
    {
      "mode": "managed",
      "type": "aws_s3_bucket_website_configuration",
      "name": "site",
      "provider": "provider[\"registry.terraform.io/hashicorp/aws\"]",
      "instances": [
        {
          "schema_version": 0,
          "attributes": {
            "bucket": "terrafrom-s3-site-tanay",
            "error_document": [],
            "expected_bucket_owner": "",
            "id": "terrafrom-s3-site-tanay",
            "index_document": [
              {
                "suffix": "index.html"
              }
            ],
            "redirect_all_requests_to": [],
            "region": "ap-south-1",
            "routing_rule": [],
            "routing_rules": "",
            "website_domain": "s3-website.ap-south-1.amazonaws.com",
            "website_endpoint": "terrafrom-s3-site-tanay.s3-website.ap-south-1.amazonaws.com"
          },
          "sensitive_attributes": [],
          "identity_schema_version": 0,
          "identity": {
            "account_id": "807134086441",
            "bucket": "terrafrom-s3-site-tanay",
            "expected_bucket_owner": null,
            "region": "ap-south-1"
          },
          "private": "bnVsbA==",
          "dependencies": [
            "aws_s3_bucket.site"
          ]
        }
      ]
    },
    {
      "mode": "managed",
      "type": "aws_s3_object",
      "name": "files",
      "provider": "provider[\"registry.terraform.io/hashicorp/aws\"]",
      "instances": [
        {
          "index_key": "index.html",
          "schema_version": 0,
          "attributes": {
            "acl": null,
            "arn": "arn:aws:s3:::terrafrom-s3-site-tanay/index.html",
            "bucket": "terrafrom-s3-site-tanay",
            "bucket_key_enabled": false,
            "cache_control": "",
            "checksum_algorithm": null,
            "checksum_crc32": "",
            "checksum_crc32c": "",
            "checksum_crc64nvme": "",
            "checksum_sha1": "",
            "checksum_sha256": "",
            "content": null,
            "content_base64": null,
            "content_disposition": "",
            "content_encoding": "",
            "content_language": "",
            "content_type": "text/html",
            "etag": "88e877381639f2f61dc0adbc93d6e13b",
            "force_destroy": false,
            "id": "terrafrom-s3-site-tanay/index.html",
            "key": "index.html",
            "kms_key_id": null,
            "metadata": null,
            "object_lock_legal_hold_status": "",
            "object_lock_mode": "",
            "object_lock_retain_until_date": "",
            "override_provider": [],
            "region": "ap-south-1",
            "server_side_encryption": "AES256",
            "source": "./../code/index.html",
            "source_hash": null,
            "storage_class": "STANDARD",
            "tags": null,
            "tags_all": {},
            "version_id": "",
            "website_redirect": ""
          },
          "sensitive_attributes": [],
          "identity_schema_version": 0,
          "identity": {
            "account_id": "807134086441",
            "bucket": "terrafrom-s3-site-tanay",
            "key": "index.html",
            "region": "ap-south-1"
          },
          "private": "bnVsbA==",
          "dependencies": [
            "aws_s3_bucket.site"
          ]
        },
        {
          "index_key": "script.js",
          "schema_version": 0,
          "attributes": {
            "acl": null,
            "arn": "arn:aws:s3:::terrafrom-s3-site-tanay/script.js",
            "bucket": "terrafrom-s3-site-tanay",
            "bucket_key_enabled": false,
            "cache_control": "",
            "checksum_algorithm": null,
            "checksum_crc32": "",
            "checksum_crc32c": "",
            "checksum_crc64nvme": "",
            "checksum_sha1": "",
            "checksum_sha256": "",
            "content": null,
            "content_base64": null,
            "content_disposition": "",
            "content_encoding": "",
            "content_language": "",
            "content_type": "application/javascript",
            "etag": "1498740f388749ae69ef084491318024",
            "force_destroy": false,
            "id": "terrafrom-s3-site-tanay/script.js",
            "key": "script.js",
            "kms_key_id": null,
            "metadata": null,
            "object_lock_legal_hold_status": "",
            "object_lock_mode": "",
            "object_lock_retain_until_date": "",
            "override_provider": [],
            "region": "ap-south-1",
            "server_side_encryption": "AES256",
            "source": "./../code/script.js",
            "source_hash": null,
            "storage_class": "STANDARD",
            "tags": null,
            "tags_all": {},
            "version_id": "",
            "website_redirect": ""
          },
          "sensitive_attributes": [],
          "identity_schema_version": 0,
          "identity": {
            "account_id": "807134086441",
            "bucket": "terrafrom-s3-site-tanay",
            "key": "script.js",
            "region": "ap-south-1"
          },
          "private": "bnVsbA==",
          "dependencies": [
            "aws_s3_bucket.site"
          ]
        },
        {
          "index_key": "style.css",
          "schema_version": 0,
          "attributes": {
            "acl": null,
            "arn": "arn:aws:s3:::terrafrom-s3-site-tanay/style.css",
            "bucket": "terrafrom-s3-site-tanay",
            "bucket_key_enabled": false,
            "cache_control": "",
            "checksum_algorithm": null,
            "checksum_crc32": "",
            "checksum_crc32c": "",
            "checksum_crc64nvme": "",
            "checksum_sha1": "",
            "checksum_sha256": "",
            "content": null,
            "content_base64": null,
            "content_disposition": "",
            "content_encoding": "",
            "content_language": "",
            "content_type": "text/css",
            "etag": "dba9751fe9500f6b4ad5681d9d870d41",
            "force_destroy": false,
            "id": "terrafrom-s3-site-tanay/style.css",
            "key": "style.css",
            "kms_key_id": null,
            "metadata": null,
            "object_lock_legal_hold_status": "",
            "object_lock_mode": "",
            "object_lock_retain_until_date": "",
            "override_provider": [],
            "region": "ap-south-1",
            "server_side_encryption": "AES256",
            "source": "./../code/style.css",
            "source_hash": null,
            "storage_class": "STANDARD",
            "tags": null,
            "tags_all": {},
            "version_id": "",
            "website_redirect": ""
          },
          "sensitive_attributes": [],
          "identity_schema_version": 0,
          "identity": {
            "account_id": "807134086441",
            "bucket": "terrafrom-s3-site-tanay",
            "key": "style.css",
            "region": "ap-south-1"
          },
          "private": "bnVsbA==",
          "dependencies": [
            "aws_s3_bucket.site"
          ]
        }
      ]
    }
  ],
  "check_results": null
}
